// !$*UTF8*$!
{
	archiveVersion = 1;
	classes = {
	};
	objectVersion = 46;
	objects = {

/* Begin PBXBuildFile section */
		607FACD61AFB9204008FA782 /* AppDelegate.swift in Sources */ = {isa = PBXBuildFile; fileRef = 607FACD51AFB9204008FA782 /* AppDelegate.swift */; };
		607FACD81AFB9204008FA782 /* ViewController.swift in Sources */ = {isa = PBXBuildFile; fileRef = 607FACD71AFB9204008FA782 /* ViewController.swift */; };
		607FACDB1AFB9204008FA782 /* Main.storyboard in Resources */ = {isa = PBXBuildFile; fileRef = 607FACD91AFB9204008FA782 /* Main.storyboard */; };
		607FACDD1AFB9204008FA782 /* Images.xcassets in Resources */ = {isa = PBXBuildFile; fileRef = 607FACDC1AFB9204008FA782 /* Images.xcassets */; };
		607FACE01AFB9204008FA782 /* LaunchScreen.xib in Resources */ = {isa = PBXBuildFile; fileRef = 607FACDE1AFB9204008FA782 /* LaunchScreen.xib */; };
		607FACEC1AFB9204008FA782 /* Tests.swift in Sources */ = {isa = PBXBuildFile; fileRef = 607FACEB1AFB9204008FA782 /* Tests.swift */; };
		7CB96AD32D11646000ED6CD8 /* LoginManager.swift in Sources */ = {isa = PBXBuildFile; fileRef = 7CB96AD22D11646000ED6CD8 /* LoginManager.swift */; };
		7CB96AD62D11651000ED6CD8 /* CircularProgressView.swift in Sources */ = {isa = PBXBuildFile; fileRef = 7CB96AD52D11651000ED6CD8 /* CircularProgressView.swift */; };
		7CB96AD82D1165C200ED6CD8 /* GradientLabel.swift in Sources */ = {isa = PBXBuildFile; fileRef = 7CB96AD72D1165C200ED6CD8 /* GradientLabel.swift */; };
		7CCDF8412D04391C00C60675 /* LanguageManager.swift in Sources */ = {isa = PBXBuildFile; fileRef = 7CCDF8402D04391C00C60675 /* LanguageManager.swift */; };
		7CCDF8432D043AF700C60675 /* ShareManager.swift in Sources */ = {isa = PBXBuildFile; fileRef = 7CCDF8422D043AF700C60675 /* ShareManager.swift */; };
		7CCDF8452D043EFF00C60675 /* Other.swift in Sources */ = {isa = PBXBuildFile; fileRef = 7CCDF8442D043EFF00C60675 /* Other.swift */; };
		7CCDF8472D0466D400C60675 /* Api.swift in Sources */ = {isa = PBXBuildFile; fileRef = 7CCDF8462D0466D400C60675 /* Api.swift */; };
		7CCDF8612D04755000C60675 /* PagesView.swift in Sources */ = {isa = PBXBuildFile; fileRef = 7CCDF8602D04755000C60675 /* PagesView.swift */; };
		7CCDF86D2D04764C00C60675 /* BaseTableView.swift in Sources */ = {isa = PBXBuildFile; fileRef = 7CCDF8672D04764C00C60675 /* BaseTableView.swift */; };
		7CCDF86E2D04764C00C60675 /* BaseVC.swift in Sources */ = {isa = PBXBuildFile; fileRef = 7CCDF8682D04764C00C60675 /* BaseVC.swift */; };
		7CCDF86F2D04764C00C60675 /* CircularGroup.swift in Sources */ = {isa = PBXBuildFile; fileRef = 7CCDF86B2D04764C00C60675 /* CircularGroup.swift */; };
		7CCDF8702D04764C00C60675 /* BaseVM.swift in Sources */ = {isa = PBXBuildFile; fileRef = 7CCDF86A2D04764C00C60675 /* BaseVM.swift */; };
		7CCDF8722D04764C00C60675 /* BaseNavVC.swift in Sources */ = {isa = PBXBuildFile; fileRef = 7CCDF8642D04764C00C60675 /* BaseNavVC.swift */; };
		7CCDF8742D04764C00C60675 /* BaseView.swift in Sources */ = {isa = PBXBuildFile; fileRef = 7CCDF8692D04764C00C60675 /* BaseView.swift */; };
		7CCDF8752D04764C00C60675 /* BaseCollectionView.swift in Sources */ = {isa = PBXBuildFile; fileRef = 7CCDF8632D04764C00C60675 /* BaseCollectionView.swift */; };
		7CCDF8772D04764C00C60675 /* BaseTableCell.swift in Sources */ = {isa = PBXBuildFile; fileRef = 7CCDF8662D04764C00C60675 /* BaseTableCell.swift */; };
		8B1B572326B399DB009178AE /* TestAlertController.swift in Sources */ = {isa = PBXBuildFile; fileRef = 8B1B572226B399DB009178AE /* TestAlertController.swift */; };
		8B7D4A0E26ABF1000075B40F /* TestUIController.swift in Sources */ = {isa = PBXBuildFile; fileRef = 8B7D4A0D26ABF1000075B40F /* TestUIController.swift */; };
		8B9474A826EB805A00115DDE /* TestLayoutVC.swift in Sources */ = {isa = PBXBuildFile; fileRef = 8B9474A726EB805A00115DDE /* TestLayoutVC.swift */; };
		8BB4D3D32721080F002F0C46 /* TestHighlightVC.swift in Sources */ = {isa = PBXBuildFile; fileRef = 8BB4D3D22721080F002F0C46 /* TestHighlightVC.swift */; };
		8BDADD872733E21100D197FE /* TestSpaceVC.swift in Sources */ = {isa = PBXBuildFile; fileRef = 8BDADD862733E21000D197FE /* TestSpaceVC.swift */; };
		8BF362A026BBF04A000A2280 /* TestMenuVC.swift in Sources */ = {isa = PBXBuildFile; fileRef = 8BF3629F26BBF04A000A2280 /* TestMenuVC.swift */; };
		C9BAF466A13D325589B9E101 /* Pods_WPCommand_Example.framework in Frameworks */ = {isa = PBXBuildFile; fileRef = 31F223C466D6825D9D7A498C /* Pods_WPCommand_Example.framework */; };
		F09708D622FC3257F10C554A /* Pods_WPCommand_Tests.framework in Frameworks */ = {isa = PBXBuildFile; fileRef = C58DB079722391B159D224D6 /* Pods_WPCommand_Tests.framework */; };
/* End PBXBuildFile section */

/* Begin PBXContainerItemProxy section */
		607FACE61AFB9204008FA782 /* PBXContainerItemProxy */ = {
			isa = PBXContainerItemProxy;
			containerPortal = 607FACC81AFB9204008FA782 /* Project object */;
			proxyType = 1;
			remoteGlobalIDString = 607FACCF1AFB9204008FA782;
			remoteInfo = WPCommand;
		};
/* End PBXContainerItemProxy section */

/* Begin PBXFileReference section */
		0D4CEBD7FB784616F39CF90A /* Pods-WPCommand_Tests.debug.xcconfig */ = {isa = PBXFileReference; includeInIndex = 1; lastKnownFileType = text.xcconfig; name = "Pods-WPCommand_Tests.debug.xcconfig"; path = "Target Support Files/Pods-WPCommand_Tests/Pods-WPCommand_Tests.debug.xcconfig"; sourceTree = "<group>"; };
		31F223C466D6825D9D7A498C /* Pods_WPCommand_Example.framework */ = {isa = PBXFileReference; explicitFileType = wrapper.framework; includeInIndex = 0; path = Pods_WPCommand_Example.framework; sourceTree = BUILT_PRODUCTS_DIR; };
		50728F6BA5CC1A11D0941E46 /* Pods-WPCommand_Tests.release.xcconfig */ = {isa = PBXFileReference; includeInIndex = 1; lastKnownFileType = text.xcconfig; name = "Pods-WPCommand_Tests.release.xcconfig"; path = "Target Support Files/Pods-WPCommand_Tests/Pods-WPCommand_Tests.release.xcconfig"; sourceTree = "<group>"; };
		55E2BC62C87BA4C8F1BBCC23 /* Pods-WPCommand_Example.release.xcconfig */ = {isa = PBXFileReference; includeInIndex = 1; lastKnownFileType = text.xcconfig; name = "Pods-WPCommand_Example.release.xcconfig"; path = "Target Support Files/Pods-WPCommand_Example/Pods-WPCommand_Example.release.xcconfig"; sourceTree = "<group>"; };
		607FACD01AFB9204008FA782 /* WPCommand_Example.app */ = {isa = PBXFileReference; explicitFileType = wrapper.application; includeInIndex = 0; path = WPCommand_Example.app; sourceTree = BUILT_PRODUCTS_DIR; };
		607FACD41AFB9204008FA782 /* Info.plist */ = {isa = PBXFileReference; lastKnownFileType = text.plist.xml; path = Info.plist; sourceTree = "<group>"; };
		607FACD51AFB9204008FA782 /* AppDelegate.swift */ = {isa = PBXFileReference; lastKnownFileType = sourcecode.swift; path = AppDelegate.swift; sourceTree = "<group>"; };
		607FACD71AFB9204008FA782 /* ViewController.swift */ = {isa = PBXFileReference; lastKnownFileType = sourcecode.swift; path = ViewController.swift; sourceTree = "<group>"; };
		607FACDA1AFB9204008FA782 /* Base */ = {isa = PBXFileReference; lastKnownFileType = file.storyboard; name = Base; path = Base.lproj/Main.storyboard; sourceTree = "<group>"; };
		607FACDC1AFB9204008FA782 /* Images.xcassets */ = {isa = PBXFileReference; lastKnownFileType = folder.assetcatalog; path = Images.xcassets; sourceTree = "<group>"; };
		607FACDF1AFB9204008FA782 /* Base */ = {isa = PBXFileReference; lastKnownFileType = file.xib; name = Base; path = Base.lproj/LaunchScreen.xib; sourceTree = "<group>"; };
		607FACE51AFB9204008FA782 /* WPCommand_Tests.xctest */ = {isa = PBXFileReference; explicitFileType = wrapper.cfbundle; includeInIndex = 0; path = WPCommand_Tests.xctest; sourceTree = BUILT_PRODUCTS_DIR; };
		607FACEA1AFB9204008FA782 /* Info.plist */ = {isa = PBXFileReference; lastKnownFileType = text.plist.xml; path = Info.plist; sourceTree = "<group>"; };
		607FACEB1AFB9204008FA782 /* Tests.swift */ = {isa = PBXFileReference; lastKnownFileType = sourcecode.swift; path = Tests.swift; sourceTree = "<group>"; };
		749E4C7E416D20EDA45BF3F3 /* Pods-WPCommand_Example.debug.xcconfig */ = {isa = PBXFileReference; includeInIndex = 1; lastKnownFileType = text.xcconfig; name = "Pods-WPCommand_Example.debug.xcconfig"; path = "Target Support Files/Pods-WPCommand_Example/Pods-WPCommand_Example.debug.xcconfig"; sourceTree = "<group>"; };
		7CB96AD22D11646000ED6CD8 /* LoginManager.swift */ = {isa = PBXFileReference; lastKnownFileType = sourcecode.swift; path = LoginManager.swift; sourceTree = "<group>"; };
		7CB96AD52D11651000ED6CD8 /* CircularProgressView.swift */ = {isa = PBXFileReference; lastKnownFileType = sourcecode.swift; path = CircularProgressView.swift; sourceTree = "<group>"; };
		7CB96AD72D1165C200ED6CD8 /* GradientLabel.swift */ = {isa = PBXFileReference; lastKnownFileType = sourcecode.swift; path = GradientLabel.swift; sourceTree = "<group>"; };
		7CCDF8402D04391C00C60675 /* LanguageManager.swift */ = {isa = PBXFileReference; lastKnownFileType = sourcecode.swift; path = LanguageManager.swift; sourceTree = "<group>"; };
		7CCDF8422D043AF700C60675 /* ShareManager.swift */ = {isa = PBXFileReference; lastKnownFileType = sourcecode.swift; path = ShareManager.swift; sourceTree = "<group>"; };
		7CCDF8442D043EFF00C60675 /* Other.swift */ = {isa = PBXFileReference; lastKnownFileType = sourcecode.swift; path = Other.swift; sourceTree = "<group>"; };
		7CCDF8462D0466D400C60675 /* Api.swift */ = {isa = PBXFileReference; lastKnownFileType = sourcecode.swift; path = Api.swift; sourceTree = "<group>"; };
		7CCDF8602D04755000C60675 /* PagesView.swift */ = {isa = PBXFileReference; lastKnownFileType = sourcecode.swift; path = PagesView.swift; sourceTree = "<group>"; };
		7CCDF8632D04764C00C60675 /* BaseCollectionView.swift */ = {isa = PBXFileReference; lastKnownFileType = sourcecode.swift; path = BaseCollectionView.swift; sourceTree = "<group>"; };
		7CCDF8642D04764C00C60675 /* BaseNavVC.swift */ = {isa = PBXFileReference; lastKnownFileType = sourcecode.swift; path = BaseNavVC.swift; sourceTree = "<group>"; };
		7CCDF8662D04764C00C60675 /* BaseTableCell.swift */ = {isa = PBXFileReference; lastKnownFileType = sourcecode.swift; path = BaseTableCell.swift; sourceTree = "<group>"; };
		7CCDF8672D04764C00C60675 /* BaseTableView.swift */ = {isa = PBXFileReference; lastKnownFileType = sourcecode.swift; path = BaseTableView.swift; sourceTree = "<group>"; };
		7CCDF8682D04764C00C60675 /* BaseVC.swift */ = {isa = PBXFileReference; lastKnownFileType = sourcecode.swift; path = BaseVC.swift; sourceTree = "<group>"; };
		7CCDF8692D04764C00C60675 /* BaseView.swift */ = {isa = PBXFileReference; lastKnownFileType = sourcecode.swift; path = BaseView.swift; sourceTree = "<group>"; };
		7CCDF86A2D04764C00C60675 /* BaseVM.swift */ = {isa = PBXFileReference; lastKnownFileType = sourcecode.swift; path = BaseVM.swift; sourceTree = "<group>"; };
		7CCDF86B2D04764C00C60675 /* CircularGroup.swift */ = {isa = PBXFileReference; lastKnownFileType = sourcecode.swift; path = CircularGroup.swift; sourceTree = "<group>"; };
		83EE9023218D9A872E7D5784 /* WPCommand.podspec */ = {isa = PBXFileReference; includeInIndex = 1; lastKnownFileType = text; name = WPCommand.podspec; path = ../WPCommand.podspec; sourceTree = "<group>"; xcLanguageSpecificationIdentifier = xcode.lang.ruby; };
		8B1B572226B399DB009178AE /* TestAlertController.swift */ = {isa = PBXFileReference; lastKnownFileType = sourcecode.swift; path = TestAlertController.swift; sourceTree = "<group>"; };
		8B7D4A0D26ABF1000075B40F /* TestUIController.swift */ = {isa = PBXFileReference; lastKnownFileType = sourcecode.swift; path = TestUIController.swift; sourceTree = "<group>"; };
		8B9474A726EB805A00115DDE /* TestLayoutVC.swift */ = {isa = PBXFileReference; lastKnownFileType = sourcecode.swift; path = TestLayoutVC.swift; sourceTree = "<group>"; };
		8BB4D3D22721080F002F0C46 /* TestHighlightVC.swift */ = {isa = PBXFileReference; lastKnownFileType = sourcecode.swift; path = TestHighlightVC.swift; sourceTree = "<group>"; };
		8BDADD862733E21000D197FE /* TestSpaceVC.swift */ = {isa = PBXFileReference; lastKnownFileType = sourcecode.swift; path = TestSpaceVC.swift; sourceTree = "<group>"; };
		8BF3629F26BBF04A000A2280 /* TestMenuVC.swift */ = {isa = PBXFileReference; lastKnownFileType = sourcecode.swift; path = TestMenuVC.swift; sourceTree = "<group>"; };
		C58DB079722391B159D224D6 /* Pods_WPCommand_Tests.framework */ = {isa = PBXFileReference; explicitFileType = wrapper.framework; includeInIndex = 0; path = Pods_WPCommand_Tests.framework; sourceTree = BUILT_PRODUCTS_DIR; };
		C7A9D6D80C37C160174B9E7F /* README.md */ = {isa = PBXFileReference; includeInIndex = 1; lastKnownFileType = net.daringfireball.markdown; name = README.md; path = ../README.md; sourceTree = "<group>"; };
		FBF56F91F792AB3195396600 /* LICENSE */ = {isa = PBXFileReference; includeInIndex = 1; lastKnownFileType = text; name = LICENSE; path = ../LICENSE; sourceTree = "<group>"; };
/* End PBXFileReference section */

/* Begin PBXFrameworksBuildPhase section */
		607FACCD1AFB9204008FA782 /* Frameworks */ = {
			isa = PBXFrameworksBuildPhase;
			buildActionMask = 2147483647;
			files = (
				C9BAF466A13D325589B9E101 /* Pods_WPCommand_Example.framework in Frameworks */,
			);
			runOnlyForDeploymentPostprocessing = 0;
		};
		607FACE21AFB9204008FA782 /* Frameworks */ = {
			isa = PBXFrameworksBuildPhase;
			buildActionMask = 2147483647;
			files = (
				F09708D622FC3257F10C554A /* Pods_WPCommand_Tests.framework in Frameworks */,
			);
			runOnlyForDeploymentPostprocessing = 0;
		};
/* End PBXFrameworksBuildPhase section */

/* Begin PBXGroup section */
		45F8636BA7DA4CC266629765 /* Pods */ = {
			isa = PBXGroup;
			children = (
				749E4C7E416D20EDA45BF3F3 /* Pods-WPCommand_Example.debug.xcconfig */,
				55E2BC62C87BA4C8F1BBCC23 /* Pods-WPCommand_Example.release.xcconfig */,
				0D4CEBD7FB784616F39CF90A /* Pods-WPCommand_Tests.debug.xcconfig */,
				50728F6BA5CC1A11D0941E46 /* Pods-WPCommand_Tests.release.xcconfig */,
			);
			path = Pods;
			sourceTree = "<group>";
		};
		607FACC71AFB9204008FA782 = {
			isa = PBXGroup;
			children = (
				607FACF51AFB993E008FA782 /* Podspec Metadata */,
				607FACD21AFB9204008FA782 /* Example for WPCommand */,
				607FACE81AFB9204008FA782 /* Tests */,
				607FACD11AFB9204008FA782 /* Products */,
				45F8636BA7DA4CC266629765 /* Pods */,
				BA24EACA7E3215F7DCBFBD1A /* Frameworks */,
			);
			sourceTree = "<group>";
		};
		607FACD11AFB9204008FA782 /* Products */ = {
			isa = PBXGroup;
			children = (
				607FACD01AFB9204008FA782 /* WPCommand_Example.app */,
				607FACE51AFB9204008FA782 /* WPCommand_Tests.xctest */,
			);
			name = Products;
			sourceTree = "<group>";
		};
		607FACD21AFB9204008FA782 /* Example for WPCommand */ = {
			isa = PBXGroup;
			children = (
				7CCDF83F2D0438E500C60675 /* Other */,
				8B1B572126B399A3009178AE /* Test */,
				607FACD51AFB9204008FA782 /* AppDelegate.swift */,
				607FACD71AFB9204008FA782 /* ViewController.swift */,
				607FACD91AFB9204008FA782 /* Main.storyboard */,
				607FACDC1AFB9204008FA782 /* Images.xcassets */,
				607FACDE1AFB9204008FA782 /* LaunchScreen.xib */,
				607FACD31AFB9204008FA782 /* Supporting Files */,
			);
			name = "Example for WPCommand";
			path = WPCommand;
			sourceTree = "<group>";
		};
		607FACD31AFB9204008FA782 /* Supporting Files */ = {
			isa = PBXGroup;
			children = (
				607FACD41AFB9204008FA782 /* Info.plist */,
			);
			name = "Supporting Files";
			sourceTree = "<group>";
		};
		607FACE81AFB9204008FA782 /* Tests */ = {
			isa = PBXGroup;
			children = (
				607FACEB1AFB9204008FA782 /* Tests.swift */,
				607FACE91AFB9204008FA782 /* Supporting Files */,
			);
			path = Tests;
			sourceTree = "<group>";
		};
		607FACE91AFB9204008FA782 /* Supporting Files */ = {
			isa = PBXGroup;
			children = (
				607FACEA1AFB9204008FA782 /* Info.plist */,
			);
			name = "Supporting Files";
			sourceTree = "<group>";
		};
		607FACF51AFB993E008FA782 /* Podspec Metadata */ = {
			isa = PBXGroup;
			children = (
				83EE9023218D9A872E7D5784 /* WPCommand.podspec */,
				C7A9D6D80C37C160174B9E7F /* README.md */,
				FBF56F91F792AB3195396600 /* LICENSE */,
			);
			name = "Podspec Metadata";
			sourceTree = "<group>";
		};
		7CB96AD42D1164F300ED6CD8 /* ProgressView */ = {
			isa = PBXGroup;
			children = (
				7CB96AD52D11651000ED6CD8 /* CircularProgressView.swift */,
			);
			path = ProgressView;
			sourceTree = "<group>";
		};
		7CCDF83F2D0438E500C60675 /* Other */ = {
			isa = PBXGroup;
			children = (
				7CCDF85F2D04753700C60675 /* Views */,
				7CCDF8482D046F3700C60675 /* Base */,
				7CCDF8402D04391C00C60675 /* LanguageManager.swift */,
				7CCDF8422D043AF700C60675 /* ShareManager.swift */,
				7CCDF8442D043EFF00C60675 /* Other.swift */,
				7CCDF8462D0466D400C60675 /* Api.swift */,
				7CB96AD22D11646000ED6CD8 /* LoginManager.swift */,
			);
			path = Other;
			sourceTree = "<group>";
		};
		7CCDF8482D046F3700C60675 /* Base */ = {
			isa = PBXGroup;
			children = (
				7CCDF8632D04764C00C60675 /* BaseCollectionView.swift */,
				7CCDF8642D04764C00C60675 /* BaseNavVC.swift */,
				7CCDF8662D04764C00C60675 /* BaseTableCell.swift */,
				7CCDF8672D04764C00C60675 /* BaseTableView.swift */,
				7CCDF8682D04764C00C60675 /* BaseVC.swift */,
				7CCDF8692D04764C00C60675 /* BaseView.swift */,
				7CCDF86A2D04764C00C60675 /* BaseVM.swift */,
				7CCDF86B2D04764C00C60675 /* CircularGroup.swift */,
			);
			path = Base;
			sourceTree = "<group>";
		};
		7CCDF85F2D04753700C60675 /* Views */ = {
			isa = PBXGroup;
			children = (
				7CB96AD42D1164F300ED6CD8 /* ProgressView */,
				7CCDF8602D04755000C60675 /* PagesView.swift */,
				7CB96AD72D1165C200ED6CD8 /* GradientLabel.swift */,
			);
			path = Views;
			sourceTree = "<group>";
		};
		8B1B572126B399A3009178AE /* Test */ = {
			isa = PBXGroup;
			children = (
				8B7D4A0D26ABF1000075B40F /* TestUIController.swift */,
				8B1B572226B399DB009178AE /* TestAlertController.swift */,
				8BF3629F26BBF04A000A2280 /* TestMenuVC.swift */,
				8B9474A726EB805A00115DDE /* TestLayoutVC.swift */,
				8BB4D3D22721080F002F0C46 /* TestHighlightVC.swift */,
				8BDADD862733E21000D197FE /* TestSpaceVC.swift */,
			);
			name = Test;
			sourceTree = "<group>";
		};
		BA24EACA7E3215F7DCBFBD1A /* Frameworks */ = {
			isa = PBXGroup;
			children = (
				31F223C466D6825D9D7A498C /* Pods_WPCommand_Example.framework */,
				C58DB079722391B159D224D6 /* Pods_WPCommand_Tests.framework */,
			);
			name = Frameworks;
			sourceTree = "<group>";
		};
/* End PBXGroup section */

/* Begin PBXNativeTarget section */
		607FACCF1AFB9204008FA782 /* WPCommand_Example */ = {
			isa = PBXNativeTarget;
			buildConfigurationList = 607FACEF1AFB9204008FA782 /* Build configuration list for PBXNativeTarget "WPCommand_Example" */;
			buildPhases = (
				13FD9222685B9272548517AD /* [CP] Check Pods Manifest.lock */,
				607FACCC1AFB9204008FA782 /* Sources */,
				607FACCD1AFB9204008FA782 /* Frameworks */,
				607FACCE1AFB9204008FA782 /* Resources */,
				0976F023649CDE65D6A10774 /* [CP] Embed Pods Frameworks */,
			);
			buildRules = (
			);
			dependencies = (
			);
			name = WPCommand_Example;
			productName = WPCommand;
			productReference = 607FACD01AFB9204008FA782 /* WPCommand_Example.app */;
			productType = "com.apple.product-type.application";
		};
		607FACE41AFB9204008FA782 /* WPCommand_Tests */ = {
			isa = PBXNativeTarget;
			buildConfigurationList = 607FACF21AFB9204008FA782 /* Build configuration list for PBXNativeTarget "WPCommand_Tests" */;
			buildPhases = (
				EA15AC7395D9D57397F4B1EC /* [CP] Check Pods Manifest.lock */,
				607FACE11AFB9204008FA782 /* Sources */,
				607FACE21AFB9204008FA782 /* Frameworks */,
				607FACE31AFB9204008FA782 /* Resources */,
			);
			buildRules = (
			);
			dependencies = (
				607FACE71AFB9204008FA782 /* PBXTargetDependency */,
			);
			name = WPCommand_Tests;
			productName = Tests;
			productReference = 607FACE51AFB9204008FA782 /* WPCommand_Tests.xctest */;
			productType = "com.apple.product-type.bundle.unit-test";
		};
/* End PBXNativeTarget section */

/* Begin PBXProject section */
		607FACC81AFB9204008FA782 /* Project object */ = {
			isa = PBXProject;
			attributes = {
				LastSwiftUpdateCheck = 0830;
				LastUpgradeCheck = 0830;
				ORGANIZATIONNAME = CocoaPods;
				TargetAttributes = {
					607FACCF1AFB9204008FA782 = {
						CreatedOnToolsVersion = 6.3.1;
						DevelopmentTeam = ZJ8YFM3RFM;
						LastSwiftMigration = 1320;
						ProvisioningStyle = Automatic;
					};
					607FACE41AFB9204008FA782 = {
						CreatedOnToolsVersion = 6.3.1;
						DevelopmentTeam = ZJ8YFM3RFM;
						LastSwiftMigration = 0900;
						TestTargetID = 607FACCF1AFB9204008FA782;
					};
				};
			};
			buildConfigurationList = 607FACCB1AFB9204008FA782 /* Build configuration list for PBXProject "WPCommand" */;
			compatibilityVersion = "Xcode 3.2";
			developmentRegion = English;
			hasScannedForEncodings = 0;
			knownRegions = (
				English,
				en,
				Base,
			);
			mainGroup = 607FACC71AFB9204008FA782;
			productRefGroup = 607FACD11AFB9204008FA782 /* Products */;
			projectDirPath = "";
			projectRoot = "";
			targets = (
				607FACCF1AFB9204008FA782 /* WPCommand_Example */,
				607FACE41AFB9204008FA782 /* WPCommand_Tests */,
			);
		};
/* End PBXProject section */

/* Begin PBXResourcesBuildPhase section */
		607FACCE1AFB9204008FA782 /* Resources */ = {
			isa = PBXResourcesBuildPhase;
			buildActionMask = 2147483647;
			files = (
				607FACDB1AFB9204008FA782 /* Main.storyboard in Resources */,
				607FACE01AFB9204008FA782 /* LaunchScreen.xib in Resources */,
				607FACDD1AFB9204008FA782 /* Images.xcassets in Resources */,
			);
			runOnlyForDeploymentPostprocessing = 0;
		};
		607FACE31AFB9204008FA782 /* Resources */ = {
			isa = PBXResourcesBuildPhase;
			buildActionMask = 2147483647;
			files = (
			);
			runOnlyForDeploymentPostprocessing = 0;
		};
/* End PBXResourcesBuildPhase section */

/* Begin PBXShellScriptBuildPhase section */
		0976F023649CDE65D6A10774 /* [CP] Embed Pods Frameworks */ = {
			isa = PBXShellScriptBuildPhase;
			buildActionMask = 2147483647;
			files = (
			);
			inputPaths = (
				"${PODS_ROOT}/Target Support Files/Pods-WPCommand_Example/Pods-WPCommand_Example-frameworks.sh",
				"${BUILT_PRODUCTS_DIR}/Alamofire/Alamofire.framework",
				"${BUILT_PRODUCTS_DIR}/HandyJSON/HandyJSON.framework",
				"${BUILT_PRODUCTS_DIR}/MJRefresh/MJRefresh.framework",
				"${BUILT_PRODUCTS_DIR}/Moya/Moya.framework",
				"${BUILT_PRODUCTS_DIR}/RxCocoa/RxCocoa.framework",
				"${BUILT_PRODUCTS_DIR}/RxRelay/RxRelay.framework",
				"${BUILT_PRODUCTS_DIR}/RxSwift/RxSwift.framework",
				"${BUILT_PRODUCTS_DIR}/SnapKit/SnapKit.framework",
				"${BUILT_PRODUCTS_DIR}/WPCommand/WPCommand.framework",
			);
			name = "[CP] Embed Pods Frameworks";
			outputPaths = (
				"${TARGET_BUILD_DIR}/${FRAMEWORKS_FOLDER_PATH}/Alamofire.framework",
				"${TARGET_BUILD_DIR}/${FRAMEWORKS_FOLDER_PATH}/HandyJSON.framework",
				"${TARGET_BUILD_DIR}/${FRAMEWORKS_FOLDER_PATH}/MJRefresh.framework",
				"${TARGET_BUILD_DIR}/${FRAMEWORKS_FOLDER_PATH}/Moya.framework",
				"${TARGET_BUILD_DIR}/${FRAMEWORKS_FOLDER_PATH}/RxCocoa.framework",
				"${TARGET_BUILD_DIR}/${FRAMEWORKS_FOLDER_PATH}/RxRelay.framework",
				"${TARGET_BUILD_DIR}/${FRAMEWORKS_FOLDER_PATH}/RxSwift.framework",
				"${TARGET_BUILD_DIR}/${FRAMEWORKS_FOLDER_PATH}/SnapKit.framework",
				"${TARGET_BUILD_DIR}/${FRAMEWORKS_FOLDER_PATH}/WPCommand.framework",
			);
			runOnlyForDeploymentPostprocessing = 0;
			shellPath = /bin/sh;
			shellScript = "\"${PODS_ROOT}/Target Support Files/Pods-WPCommand_Example/Pods-WPCommand_Example-frameworks.sh\"\n";
			showEnvVarsInLog = 0;
		};
		13FD9222685B9272548517AD /* [CP] Check Pods Manifest.lock */ = {
			isa = PBXShellScriptBuildPhase;
			buildActionMask = 2147483647;
			files = (
			);
			inputFileListPaths = (
			);
			inputPaths = (
				"${PODS_PODFILE_DIR_PATH}/Podfile.lock",
				"${PODS_ROOT}/Manifest.lock",
			);
			name = "[CP] Check Pods Manifest.lock";
			outputFileListPaths = (
			);
			outputPaths = (
				"$(DERIVED_FILE_DIR)/Pods-WPCommand_Example-checkManifestLockResult.txt",
			);
			runOnlyForDeploymentPostprocessing = 0;
			shellPath = /bin/sh;
			shellScript = "diff \"${PODS_PODFILE_DIR_PATH}/Podfile.lock\" \"${PODS_ROOT}/Manifest.lock\" > /dev/null\nif [ $? != 0 ] ; then\n    # print error to STDERR\n    echo \"error: The sandbox is not in sync with the Podfile.lock. Run 'pod install' or update your CocoaPods installation.\" >&2\n    exit 1\nfi\n# This output is used by Xcode 'outputs' to avoid re-running this script phase.\necho \"SUCCESS\" > \"${SCRIPT_OUTPUT_FILE_0}\"\n";
			showEnvVarsInLog = 0;
		};
		EA15AC7395D9D57397F4B1EC /* [CP] Check Pods Manifest.lock */ = {
			isa = PBXShellScriptBuildPhase;
			buildActionMask = 2147483647;
			files = (
			);
			inputFileListPaths = (
			);
			inputPaths = (
				"${PODS_PODFILE_DIR_PATH}/Podfile.lock",
				"${PODS_ROOT}/Manifest.lock",
			);
			name = "[CP] Check Pods Manifest.lock";
			outputFileListPaths = (
			);
			outputPaths = (
				"$(DERIVED_FILE_DIR)/Pods-WPCommand_Tests-checkManifestLockResult.txt",
			);
			runOnlyForDeploymentPostprocessing = 0;
			shellPath = /bin/sh;
			shellScript = "diff \"${PODS_PODFILE_DIR_PATH}/Podfile.lock\" \"${PODS_ROOT}/Manifest.lock\" > /dev/null\nif [ $? != 0 ] ; then\n    # print error to STDERR\n    echo \"error: The sandbox is not in sync with the Podfile.lock. Run 'pod install' or update your CocoaPods installation.\" >&2\n    exit 1\nfi\n# This output is used by Xcode 'outputs' to avoid re-running this script phase.\necho \"SUCCESS\" > \"${SCRIPT_OUTPUT_FILE_0}\"\n";
			showEnvVarsInLog = 0;
		};
/* End PBXShellScriptBuildPhase section */

/* Begin PBXSourcesBuildPhase section */
		607FACCC1AFB9204008FA782 /* Sources */ = {
			isa = PBXSourcesBuildPhase;
			buildActionMask = 2147483647;
			files = (
				8B1B572326B399DB009178AE /* TestAlertController.swift in Sources */,
				8BDADD872733E21100D197FE /* TestSpaceVC.swift in Sources */,
				607FACD81AFB9204008FA782 /* ViewController.swift in Sources */,
				8B9474A826EB805A00115DDE /* TestLayoutVC.swift in Sources */,
				7CB96AD82D1165C200ED6CD8 /* GradientLabel.swift in Sources */,
				8BF362A026BBF04A000A2280 /* TestMenuVC.swift in Sources */,
				8BB4D3D32721080F002F0C46 /* TestHighlightVC.swift in Sources */,
				7CCDF8472D0466D400C60675 /* Api.swift in Sources */,
				7CB96AD32D11646000ED6CD8 /* LoginManager.swift in Sources */,
				7CCDF8412D04391C00C60675 /* LanguageManager.swift in Sources */,
				607FACD61AFB9204008FA782 /* AppDelegate.swift in Sources */,
				7CCDF86D2D04764C00C60675 /* BaseTableView.swift in Sources */,
				7CCDF86E2D04764C00C60675 /* BaseVC.swift in Sources */,
				7CCDF86F2D04764C00C60675 /* CircularGroup.swift in Sources */,
				7CB96AD62D11651000ED6CD8 /* CircularProgressView.swift in Sources */,
				7CCDF8702D04764C00C60675 /* BaseVM.swift in Sources */,
				7CCDF8722D04764C00C60675 /* BaseNavVC.swift in Sources */,
				7CCDF8742D04764C00C60675 /* BaseView.swift in Sources */,
				7CCDF8752D04764C00C60675 /* BaseCollectionView.swift in Sources */,
				7CCDF8772D04764C00C60675 /* BaseTableCell.swift in Sources */,
				7CCDF8452D043EFF00C60675 /* Other.swift in Sources */,
				8B7D4A0E26ABF1000075B40F /* TestUIController.swift in Sources */,
				7CCDF8432D043AF700C60675 /* ShareManager.swift in Sources */,
				7CCDF8612D04755000C60675 /* PagesView.swift in Sources */,
			);
			runOnlyForDeploymentPostprocessing = 0;
		};
		607FACE11AFB9204008FA782 /* Sources */ = {
			isa = PBXSourcesBuildPhase;
			buildActionMask = 2147483647;
			files = (
				607FACEC1AFB9204008FA782 /* Tests.swift in Sources */,
			);
			runOnlyForDeploymentPostprocessing = 0;
		};
/* End PBXSourcesBuildPhase section */

/* Begin PBXTargetDependency section */
		607FACE71AFB9204008FA782 /* PBXTargetDependency */ = {
			isa = PBXTargetDependency;
			target = 607FACCF1AFB9204008FA782 /* WPCommand_Example */;
			targetProxy = 607FACE61AFB9204008FA782 /* PBXContainerItemProxy */;
		};
/* End PBXTargetDependency section */

/* Begin PBXVariantGroup section */
		607FACD91AFB9204008FA782 /* Main.storyboard */ = {
			isa = PBXVariantGroup;
			children = (
				607FACDA1AFB9204008FA782 /* Base */,
			);
			name = Main.storyboard;
			sourceTree = "<group>";
		};
		607FACDE1AFB9204008FA782 /* LaunchScreen.xib */ = {
			isa = PBXVariantGroup;
			children = (
				607FACDF1AFB9204008FA782 /* Base */,
			);
			name = LaunchScreen.xib;
			sourceTree = "<group>";
		};
/* End PBXVariantGroup section */

/* Begin XCBuildConfiguration section */
		607FACED1AFB9204008FA782 /* Debug */ = {
			isa = XCBuildConfiguration;
			buildSettings = {
				ALWAYS_SEARCH_USER_PATHS = NO;
				CLANG_CXX_LANGUAGE_STANDARD = "gnu++0x";
				CLANG_CXX_LIBRARY = "libc++";
				CLANG_ENABLE_MODULES = YES;
				CLANG_ENABLE_OBJC_ARC = YES;
				CLANG_WARN_BLOCK_CAPTURE_AUTORELEASING = YES;
				CLANG_WARN_BOOL_CONVERSION = YES;
				CLANG_WARN_COMMA = YES;
				CLANG_WARN_CONSTANT_CONVERSION = YES;
				CLANG_WARN_DIRECT_OBJC_ISA_USAGE = YES_ERROR;
				CLANG_WARN_EMPTY_BODY = YES;
				CLANG_WARN_ENUM_CONVERSION = YES;
				CLANG_WARN_INFINITE_RECURSION = YES;
				CLANG_WARN_INT_CONVERSION = YES;
				CLANG_WARN_NON_LITERAL_NULL_CONVERSION = YES;
				CLANG_WARN_OBJC_LITERAL_CONVERSION = YES;
				CLANG_WARN_OBJC_ROOT_CLASS = YES_ERROR;
				CLANG_WARN_RANGE_LOOP_ANALYSIS = YES;
				CLANG_WARN_STRICT_PROTOTYPES = YES;
				CLANG_WARN_SUSPICIOUS_MOVE = YES;
				CLANG_WARN_UNREACHABLE_CODE = YES;
				CLANG_WARN__DUPLICATE_METHOD_MATCH = YES;
				"CODE_SIGN_IDENTITY[sdk=iphoneos*]" = "iPhone Developer";
				COPY_PHASE_STRIP = NO;
				DEBUG_INFORMATION_FORMAT = "dwarf-with-dsym";
				ENABLE_STRICT_OBJC_MSGSEND = YES;
				ENABLE_TESTABILITY = YES;
				GCC_C_LANGUAGE_STANDARD = gnu99;
				GCC_DYNAMIC_NO_PIC = NO;
				GCC_NO_COMMON_BLOCKS = YES;
				GCC_OPTIMIZATION_LEVEL = 0;
				GCC_PREPROCESSOR_DEFINITIONS = (
					"DEBUG=1",
					"$(inherited)",
				);
				GCC_SYMBOLS_PRIVATE_EXTERN = NO;
				GCC_WARN_64_TO_32_BIT_CONVERSION = YES;
				GCC_WARN_ABOUT_RETURN_TYPE = YES_ERROR;
				GCC_WARN_UNDECLARED_SELECTOR = YES;
				GCC_WARN_UNINITIALIZED_AUTOS = YES_AGGRESSIVE;
				GCC_WARN_UNUSED_FUNCTION = YES;
				GCC_WARN_UNUSED_VARIABLE = YES;
				IPHONEOS_DEPLOYMENT_TARGET = 9.3;
				MTL_ENABLE_DEBUG_INFO = YES;
				ONLY_ACTIVE_ARCH = YES;
				SDKROOT = iphoneos;
				SWIFT_OPTIMIZATION_LEVEL = "-Onone";
			};
			name = Debug;
		};
		607FACEE1AFB9204008FA782 /* Release */ = {
			isa = XCBuildConfiguration;
			buildSettings = {
				ALWAYS_SEARCH_USER_PATHS = NO;
				CLANG_CXX_LANGUAGE_STANDARD = "gnu++0x";
				CLANG_CXX_LIBRARY = "libc++";
				CLANG_ENABLE_MODULES = YES;
				CLANG_ENABLE_OBJC_ARC = YES;
				CLANG_WARN_BLOCK_CAPTURE_AUTORELEASING = YES;
				CLANG_WARN_BOOL_CONVERSION = YES;
				CLANG_WARN_COMMA = YES;
				CLANG_WARN_CONSTANT_CONVERSION = YES;
				CLANG_WARN_DIRECT_OBJC_ISA_USAGE = YES_ERROR;
				CLANG_WARN_EMPTY_BODY = YES;
				CLANG_WARN_ENUM_CONVERSION = YES;
				CLANG_WARN_INFINITE_RECURSION = YES;
				CLANG_WARN_INT_CONVERSION = YES;
				CLANG_WARN_NON_LITERAL_NULL_CONVERSION = YES;
				CLANG_WARN_OBJC_LITERAL_CONVERSION = YES;
				CLANG_WARN_OBJC_ROOT_CLASS = YES_ERROR;
				CLANG_WARN_RANGE_LOOP_ANALYSIS = YES;
				CLANG_WARN_STRICT_PROTOTYPES = YES;
				CLANG_WARN_SUSPICIOUS_MOVE = YES;
				CLANG_WARN_UNREACHABLE_CODE = YES;
				CLANG_WARN__DUPLICATE_METHOD_MATCH = YES;
				"CODE_SIGN_IDENTITY[sdk=iphoneos*]" = "iPhone Developer";
				COPY_PHASE_STRIP = NO;
				DEBUG_INFORMATION_FORMAT = "dwarf-with-dsym";
				ENABLE_NS_ASSERTIONS = NO;
				ENABLE_STRICT_OBJC_MSGSEND = YES;
				GCC_C_LANGUAGE_STANDARD = gnu99;
				GCC_NO_COMMON_BLOCKS = YES;
				GCC_WARN_64_TO_32_BIT_CONVERSION = YES;
				GCC_WARN_ABOUT_RETURN_TYPE = YES_ERROR;
				GCC_WARN_UNDECLARED_SELECTOR = YES;
				GCC_WARN_UNINITIALIZED_AUTOS = YES_AGGRESSIVE;
				GCC_WARN_UNUSED_FUNCTION = YES;
				GCC_WARN_UNUSED_VARIABLE = YES;
				IPHONEOS_DEPLOYMENT_TARGET = 9.3;
				MTL_ENABLE_DEBUG_INFO = NO;
				SDKROOT = iphoneos;
				SWIFT_OPTIMIZATION_LEVEL = "-Owholemodule";
				VALIDATE_PRODUCT = YES;
			};
			name = Release;
		};
		607FACF01AFB9204008FA782 /* Debug */ = {
			isa = XCBuildConfiguration;
			baseConfigurationReference = 749E4C7E416D20EDA45BF3F3 /* Pods-WPCommand_Example.debug.xcconfig */;
			buildSettings = {
				ASSETCATALOG_COMPILER_APPICON_NAME = AppIcon;
				CLANG_ENABLE_MODULES = YES;
				CODE_SIGN_IDENTITY = "Apple Development";
				CODE_SIGN_STYLE = Automatic;
				DEVELOPMENT_TEAM = ZJ8YFM3RFM;
				INFOPLIST_FILE = WPCommand/Info.plist;
				IPHONEOS_DEPLOYMENT_TARGET = 12.0;
				LD_RUNPATH_SEARCH_PATHS = "$(inherited) @executable_path/Frameworks";
				MODULE_NAME = ExampleApp;
				PRODUCT_BUNDLE_IDENTIFIER = "org.cocoapods.demo.WPCommand-Exampl";
				PRODUCT_NAME = "$(TARGET_NAME)";
				PROVISIONING_PROFILE_SPECIFIER = "";
				SWIFT_OBJC_BRIDGING_HEADER = "";
				SWIFT_OPTIMIZATION_LEVEL = "-Onone";
				SWIFT_SWIFT3_OBJC_INFERENCE = Default;
				SWIFT_VERSION = 5.0;
			};
			name = Debug;
		};
		607FACF11AFB9204008FA782 /* Release */ = {
			isa = XCBuildConfiguration;
			baseConfigurationReference = 55E2BC62C87BA4C8F1BBCC23 /* Pods-WPCommand_Example.release.xcconfig */;
			buildSettings = {
				ASSETCATALOG_COMPILER_APPICON_NAME = AppIcon;
				CLANG_ENABLE_MODULES = YES;
				CODE_SIGN_IDENTITY = "Apple Development";
				CODE_SIGN_STYLE = Automatic;
				DEVELOPMENT_TEAM = ZJ8YFM3RFM;
				INFOPLIST_FILE = WPCommand/Info.plist;
				IPHONEOS_DEPLOYMENT_TARGET = 12.0;
				LD_RUNPATH_SEARCH_PATHS = "$(inherited) @executable_path/Frameworks";
				MODULE_NAME = ExampleApp;
				PRODUCT_BUNDLE_IDENTIFIER = "org.cocoapods.demo.WPCommand-Exampl";
				PRODUCT_NAME = "$(TARGET_NAME)";
				PROVISIONING_PROFILE_SPECIFIER = "";
				SWIFT_OBJC_BRIDGING_HEADER = "";
				SWIFT_SWIFT3_OBJC_INFERENCE = Default;
				SWIFT_VERSION = 5.0;
			};
			name = Release;
		};
		607FACF31AFB9204008FA782 /* Debug */ = {
			isa = XCBuildConfiguration;
			baseConfigurationReference = 0D4CEBD7FB784616F39CF90A /* Pods-WPCommand_Tests.debug.xcconfig */;
			buildSettings = {
				DEVELOPMENT_TEAM = ZJ8YFM3RFM;
				FRAMEWORK_SEARCH_PATHS = (
					"$(PLATFORM_DIR)/Developer/Library/Frameworks",
					"$(inherited)",
				);
				GCC_PREPROCESSOR_DEFINITIONS = (
					"DEBUG=1",
					"$(inherited)",
				);
				INFOPLIST_FILE = Tests/Info.plist;
				LD_RUNPATH_SEARCH_PATHS = "$(inherited) @executable_path/Frameworks @loader_path/Frameworks";
				PRODUCT_BUNDLE_IDENTIFIER = "org.cocoapods.$(PRODUCT_NAME:rfc1034identifier)";
				PRODUCT_NAME = "$(TARGET_NAME)";
				SWIFT_SWIFT3_OBJC_INFERENCE = Default;
				SWIFT_VERSION = 5.0;
				TEST_HOST = "$(BUILT_PRODUCTS_DIR)/WPCommand_Example.app/WPCommand_Example";
			};
			name = Debug;
		};
		607FACF41AFB9204008FA782 /* Release */ = {
			isa = XCBuildConfiguration;
			baseConfigurationReference = 50728F6BA5CC1A11D0941E46 /* Pods-WPCommand_Tests.release.xcconfig */;
			buildSettings = {
				DEVELOPMENT_TEAM = ZJ8YFM3RFM;
				FRAMEWORK_SEARCH_PATHS = (
					"$(PLATFORM_DIR)/Developer/Library/Frameworks",
					"$(inherited)",
				);
				INFOPLIST_FILE = Tests/Info.plist;
				LD_RUNPATH_SEARCH_PATHS = "$(inherited) @executable_path/Frameworks @loader_path/Frameworks";
				PRODUCT_BUNDLE_IDENTIFIER = "org.cocoapods.$(PRODUCT_NAME:rfc1034identifier)";
				PRODUCT_NAME = "$(TARGET_NAME)";
				SWIFT_SWIFT3_OBJC_INFERENCE = Default;
				SWIFT_VERSION = 5.0;
				TEST_HOST = "$(BUILT_PRODUCTS_DIR)/WPCommand_Example.app/WPCommand_Example";
			};
			name = Release;
		};
/* End XCBuildConfiguration section */

/* Begin XCConfigurationList section */
		607FACCB1AFB9204008FA782 /* Build configuration list for PBXProject "WPCommand" */ = {
			isa = XCConfigurationList;
			buildConfigurations = (
				607FACED1AFB9204008FA782 /* Debug */,
				607FACEE1AFB9204008FA782 /* Release */,
			);
			defaultConfigurationIsVisible = 0;
			defaultConfigurationName = Release;
		};
		607FACEF1AFB9204008FA782 /* Build configuration list for PBXNativeTarget "WPCommand_Example" */ = {
			isa = XCConfigurationList;
			buildConfigurations = (
				607FACF01AFB9204008FA782 /* Debug */,
				607FACF11AFB9204008FA782 /* Release */,
			);
			defaultConfigurationIsVisible = 0;
			defaultConfigurationName = Release;
		};
		607FACF21AFB9204008FA782 /* Build configuration list for PBXNativeTarget "WPCommand_Tests" */ = {
			isa = XCConfigurationList;
			buildConfigurations = (
				607FACF31AFB9204008FA782 /* Debug */,
				607FACF41AFB9204008FA782 /* Release */,
			);
			defaultConfigurationIsVisible = 0;
			defaultConfigurationName = Release;
		};
/* End XCConfigurationList section */
	};
	rootObject = 607FACC81AFB9204008FA782 /* Project object */;
}
